{
  "name": "tdAPI",
  "version": "1.0.0",
  "lockfileVersion": 1,
  "requires": true,
  "dependencies": {
    "tdBasic": {
      "version": "file:../tdBasic",
      "requires": {
        "jquery": "^3.4.1"
      },
      "dependencies": {
        "jquery": {
          "version": "3.4.1",
          "bundled": true
        }
      }
    },
    "tdMessage": {
      "version": "file:../tdMessage"
    },
    "tdSimulator": {
      "version": "file:../tdSimulator"
    },
    "tdSys": {
      "version": "file:../tdSys"
    }
  }
}
