{
  "name": "td",
  "version": "1.0.0",
  "lockfileVersion": 1,
  "requires": true,
  "dependencies": {
    "tdAPI": {
      "version": "file:../tdAPI",
      "requires": {
        "tdBasic": "file:../tdBasic",
        "tdElement": "file:../tdElement",
        "tdMessage": "file:../tdMessage",
        "tdSimulator": "file:../tdSimulator",
        "tdSys": "file:../tdSys"
      },
      "dependencies": {
        "tdBasic": {
          "version": "file:../tdBasic",
          "bundled": true,
          "requires": {
            "jquery": "^3.4.1",
            "tdSys": "file:../tdSys"
          },
          "dependencies": {
            "jquery": {
              "version": "3.4.1",
              "bundled": true
            },
            "tdSys": {
              "version": "file:../tdSys",
              "bundled": true
            }
          }
        },
        "tdElement": {
          "version": "file:../tdElement",
          "bundled": true,
          "requires": {
            "jquery": "^3.4.1",
            "tdSys": "file:../tdSys"
          },
          "dependencies": {
            "jquery": {
              "version": "3.4.1",
              "bundled": true
            },
            "tdSys": {
              "version": "file:../tdSys",
              "bundled": true
            }
          }
        },
        "tdMessage": {
          "version": "file:../tdMessage",
          "bundled": true
        },
        "tdSimulator": {
          "version": "file:../tdSimulator",
          "bundled": true
        },
        "tdSys": {
          "version": "file:../tdSys",
          "bundled": true
        }
      }
    },
    "tdBasic": {
      "version": "file:../tdBasic",
      "requires": {
        "jquery": "^3.4.1",
        "tdSys": "file:../tdSys"
      },
      "dependencies": {
        "jquery": {
          "version": "3.4.1",
          "bundled": true
        },
        "tdSys": {
          "version": "file:../tdSys",
          "bundled": true
        }
      }
    },
    "tdElement": {
      "version": "file:../tdElement",
      "requires": {
        "jquery": "^3.4.1",
        "tdSys": "file:../tdSys"
      },
      "dependencies": {
        "jquery": {
          "version": "3.4.1",
          "bundled": true
        },
        "tdSys": {
          "version": "file:../tdSys",
          "bundled": true
        }
      }
    },
    "tdMessage": {
      "version": "file:../tdMessage"
    },
    "tdSimulator": {
      "version": "file:../tdSimulator"
    },
    "tdSys": {
      "version": "file:../tdSys"
    },
    "tdUI": {
      "version": "file:../tdUI",
      "requires": {
        "tdAPI": "file:../tdAPI",
        "tdBasic": "file:../tdBasic",
        "tdElement": "file:../tdElement",
        "tdMessage": "file:../tdMessage",
        "tdSimulator": "file:../tdSimulator",
        "tdSys": "file:../tdSys"
      },
      "dependencies": {
        "tdAPI": {
          "version": "file:../tdAPI",
          "bundled": true,
          "requires": {
            "tdBasic": "file:../tdBasic",
            "tdElement": "file:../tdElement",
            "tdMessage": "file:../tdMessage",
            "tdSimulator": "file:../tdSimulator",
            "tdSys": "file:../tdSys"
          },
          "dependencies": {
            "tdBasic": {
              "version": "file:../tdBasic",
              "bundled": true,
              "requires": {
                "jquery": "^3.4.1",
                "tdSys": "file:../tdSys"
              },
              "dependencies": {
                "jquery": {
                  "version": "3.4.1",
                  "bundled": true
                },
                "tdSys": {
                  "version": "file:../tdSys",
                  "bundled": true
                }
              }
            },
            "tdElement": {
              "version": "file:../tdElement",
              "bundled": true,
              "requires": {
                "jquery": "^3.4.1",
                "tdSys": "file:../tdSys"
              },
              "dependencies": {
                "jquery": {
                  "version": "3.4.1",
                  "bundled": true
                },
                "tdSys": {
                  "version": "file:../tdSys",
                  "bundled": true
                }
              }
            },
            "tdMessage": {
              "version": "file:../tdMessage",
              "bundled": true
            },
            "tdSimulator": {
              "version": "file:../tdSimulator",
              "bundled": true
            },
            "tdSys": {
              "version": "file:../tdSys",
              "bundled": true
            }
          }
        },
        "tdBasic": {
          "version": "file:../tdBasic",
          "bundled": true,
          "requires": {
            "jquery": "^3.4.1",
            "tdSys": "file:../tdSys"
          },
          "dependencies": {
            "jquery": {
              "version": "3.4.1",
              "bundled": true
            },
            "tdSys": {
              "version": "file:../tdSys",
              "bundled": true
            }
          }
        },
        "tdElement": {
          "version": "file:../tdElement",
          "bundled": true,
          "requires": {
            "jquery": "^3.4.1",
            "tdSys": "file:../tdSys"
          },
          "dependencies": {
            "jquery": {
              "version": "3.4.1",
              "bundled": true
            },
            "tdSys": {
              "version": "file:../tdSys",
              "bundled": true
            }
          }
        },
        "tdMessage": {
          "version": "file:../tdMessage",
          "bundled": true
        },
        "tdSimulator": {
          "version": "file:../tdSimulator",
          "bundled": true
        },
        "tdSys": {
          "version": "file:../tdSys",
          "bundled": true
        }
      }
    }
  }
}
