{
  "name": "td",
  "version": "1.0.0",
  "lockfileVersion": 1,
  "requires": true,
  "dependencies": {
    "tdAPI": {
      "version": "file:../tdAPI",
      "requires": {
        "tdMessage": "file:../tdMessage"
      },
      "dependencies": {
        "tdMessage": {
          "version": "file:../tdMessage",
          "bundled": true
        }
      }
    },
    "tdBasic": {
      "version": "file:../tdBasic",
      "requires": {
        "jquery": "^3.4.1"
      },
      "dependencies": {
        "jquery": {
          "version": "3.4.1",
          "bundled": true
        }
      }
    },
    "tdElement": {
      "version": "file:../tdElement",
      "requires": {
        "jquery": "^3.4.1",
        "tdSys": "file:../tdSys"
      },
      "dependencies": {
        "jquery": {
          "version": "3.4.1",
          "bundled": true
        },
        "tdSys": {
          "version": "file:../tdSys",
          "bundled": true
        }
      }
    },
    "tdMessage": {
      "version": "file:../tdMessage"
    },
    "tdSimulator": {
      "version": "file:../tdSimulator"
    },
    "tdSys": {
      "version": "file:../tdSys"
    }
  }
}
